
Microsoft Visual Studio Solution File, Format Version 12.00
# Visual Studio Version 17
VisualStudioVersion = 17.6.33723.286
MinimumVisualStudioVersion = 10.0.40219.1
Project("{FAE04EC0-301F-11D3-BF4B-00C04F79EFBC}") = "GradingAutomationApp", "GradingAutomationApp\GradingAutomationApp.csproj", "{9C0B3FA0-46D4-4EDB-B8FA-198F6E777C75}"
EndProject
Global
	GlobalSection(SolutionConfigurationPlatforms) = preSolution
		Debug|Any CPU = Debug|Any CPU
		Release|Any CPU = Release|Any CPU
	EndGlobalSection
	GlobalSection(ProjectConfigurationPlatforms) = postSolution
		{9C0B3FA0-46D4-4EDB-B8FA-198F6E777C75}.Debug|Any CPU.ActiveCfg = Debug|Any CPU
		{9C0B3FA0-46D4-4EDB-B8FA-198F6E777C75}.Debug|Any CPU.Build.0 = Debug|Any CPU
		{9C0B3FA0-46D4-4EDB-B8FA-198F6E777C75}.Release|Any CPU.ActiveCfg = Release|Any CPU
		{9C0B3FA0-46D4-4EDB-B8FA-198F6E777C75}.Release|Any CPU.Build.0 = Release|Any CPU
	EndGlobalSection
	GlobalSection(SolutionProperties) = preSolution
		HideSolutionNode = FALSE
	EndGlobalSection
	GlobalSection(ExtensibilityGlobals) = postSolution
		SolutionGuid = {26AFD826-32D4-4ACF-AFC4-E6457D203482}
	EndGlobalSection
EndGlobal
